
Microsoft Visual Studio Solution File, Format Version 12.00
# Visual Studio 15
VisualStudioVersion = 15.0.28010.2016
MinimumVisualStudioVersion = 10.0.40219.1
Project("{8BC9CEB8-8B4A-11D0-8D11-00A0C91BC942}") = "Project1", "Project1\Project1.vcxproj", "{7487E6C6-C81E-4E7C-BFDD-96A08D8C2BF0}"
EndProject
Global
	GlobalSection(SolutionConfigurationPlatforms) = preSolution
		Debug|x64 = Debug|x64
		Debug|x86 = Debug|x86
		Release|x64 = Release|x64
		Release|x86 = Release|x86
	EndGlobalSection
	GlobalSection(ProjectConfigurationPlatforms) = postSolution
		{7487E6C6-C81E-4E7C-BFDD-96A08D8C2BF0}.Debug|x64.ActiveCfg = Debug|x64
		{7487E6C6-C81E-4E7C-BFDD-96A08D8C2BF0}.Debug|x64.Build.0 = Debug|x64
		{7487E6C6-C81E-4E7C-BFDD-96A08D8C2BF0}.Debug|x86.ActiveCfg = Debug|Win32
		{7487E6C6-C81E-4E7C-BFDD-96A08D8C2BF0}.Debug|x86.Build.0 = Debug|Win32
		{7487E6C6-C81E-4E7C-BFDD-96A08D8C2BF0}.Release|x64.ActiveCfg = Release|x64
		{7487E6C6-C81E-4E7C-BFDD-96A08D8C2BF0}.Release|x64.Build.0 = Release|x64
		{7487E6C6-C81E-4E7C-BFDD-96A08D8C2BF0}.Release|x86.ActiveCfg = Release|Win32
		{7487E6C6-C81E-4E7C-BFDD-96A08D8C2BF0}.Release|x86.Build.0 = Release|Win32
	EndGlobalSection
	GlobalSection(SolutionProperties) = preSolution
		HideSolutionNode = FALSE
	EndGlobalSection
	GlobalSection(ExtensibilityGlobals) = postSolution
		SolutionGuid = {80D00E49-7E0A-4DBE-8CAC-F5FA8E8FC837}
	EndGlobalSection
EndGlobal
